{
  "version": 4,
  "terraform_version": "1.7.2",
  "serial": 6,
  "lineage": "780595d3-77a3-5781-703d-8a8d3b33cbf0",
  "outputs": {},
  "resources": [
    {
      "mode": "managed",
      "type": "aws_instance",
      "name": "example_instance",
      "provider": "provider[\"registry.terraform.io/hashicorp/aws\"]",
      "instances": [
        {
          "schema_version": 1,
          "attributes": {
            "ami": "ami-0c7217cdde317cfec",
            "arn": "arn:aws:ec2:us-east-1:992382690989:instance/i-0b43575b676569f22",
            "associate_public_ip_address": true,
            "availability_zone": "us-east-1c",
            "capacity_reservation_specification": [
              {
                "capacity_reservation_preference": "open",
                "capacity_reservation_target": []
              }
            ],
            "cpu_core_count": 1,
            "cpu_options": [
              {
                "amd_sev_snp": "",
                "core_count": 1,
                "threads_per_core": 1
              }
            ],
            "cpu_threads_per_core": 1,
            "credit_specification": [
              {
                "cpu_credits": "standard"
              }
            ],
            "disable_api_stop": false,
            "disable_api_termination": false,
            "ebs_block_device": [],
            "ebs_optimized": false,
            "enclave_options": [
              {
                "enabled": false
              }
            ],
            "ephemeral_block_device": [],
            "get_password_data": false,
            "hibernation": false,
            "host_id": "",
            "host_resource_group_arn": null,
            "iam_instance_profile": "",
            "id": "i-0b43575b676569f22",
            "instance_initiated_shutdown_behavior": "stop",
            "instance_lifecycle": "",
            "instance_market_options": [],
            "instance_state": "running",
            "instance_type": "t2.micro",
            "ipv6_address_count": 0,
            "ipv6_addresses": [],
            "key_name": "satrun",
            "launch_template": [],
            "maintenance_options": [
              {
                "auto_recovery": "default"
              }
            ],
            "metadata_options": [
              {
                "http_endpoint": "enabled",
                "http_protocol_ipv6": "disabled",
                "http_put_response_hop_limit": 1,
                "http_tokens": "optional",
                "instance_metadata_tags": "disabled"
              }
            ],
            "monitoring": false,
            "network_interface": [],
            "outpost_arn": "",
            "password_data": "",
            "placement_group": "",
            "placement_partition_number": 0,
            "primary_network_interface_id": "eni-00dede79bfe95f9bd",
            "private_dns": "ip-172-31-83-9.ec2.internal",
            "private_dns_name_options": [
              {
                "enable_resource_name_dns_a_record": false,
                "enable_resource_name_dns_aaaa_record": false,
                "hostname_type": "ip-name"
              }
            ],
            "private_ip": "172.31.83.9",
            "public_dns": "ec2-44-211-250-20.compute-1.amazonaws.com",
            "public_ip": "44.211.250.20",
            "root_block_device": [
              {
                "delete_on_termination": true,
                "device_name": "/dev/sda1",
                "encrypted": false,
                "iops": 100,
                "kms_key_id": "",
                "tags": {},
                "throughput": 0,
                "volume_id": "vol-02946b386be137362",
                "volume_size": 8,
                "volume_type": "gp2"
              }
            ],
            "secondary_private_ips": [],
            "security_groups": [
              "satrun-security-group"
            ],
            "source_dest_check": true,
            "spot_instance_request_id": "",
            "subnet_id": "subnet-07878fce3ce09f893",
            "tags": {
              "Name": "satrun-instance"
            },
            "tags_all": {
              "Name": "satrun-instance"
            },
            "tenancy": "default",
            "timeouts": null,
            "user_data": null,
            "user_data_base64": null,
            "user_data_replace_on_change": false,
            "volume_tags": null,
            "vpc_security_group_ids": [
              "sg-09346b278bf481f4e"
            ]
          },
          "sensitive_attributes": [],
          "private": "eyJlMmJmYjczMC1lY2FhLTExZTYtOGY4OC0zNDM2M2JjN2M0YzAiOnsiY3JlYXRlIjo2MDAwMDAwMDAwMDAsImRlbGV0ZSI6MTIwMDAwMDAwMDAwMCwidXBkYXRlIjo2MDAwMDAwMDAwMDB9LCJzY2hlbWFfdmVyc2lvbiI6IjEifQ==",
          "dependencies": [
            "aws_key_pair.example_keypair",
            "aws_security_group.example_security_group",
            "tls_private_key.example_keypair"
          ]
        }
      ]
    },
    {
      "mode": "managed",
      "type": "aws_key_pair",
      "name": "example_keypair",
      "provider": "provider[\"registry.terraform.io/hashicorp/aws\"]",
      "instances": [
        {
          "schema_version": 1,
          "attributes": {
            "arn": "arn:aws:ec2:us-east-1:992382690989:key-pair/satrun",
            "fingerprint": "8b:fa:24:b5:e0:e5:7a:09:05:b8:a7:a6:e9:e3:25:72",
            "id": "satrun",
            "key_name": "satrun",
            "key_name_prefix": "",
            "key_pair_id": "key-05b83f114ec3dfdcd",
            "key_type": "rsa",
            "public_key": "ssh-rsa AAAAB3NzaC1yc2EAAAADAQABAAABAQDXbrFlNeulTfVurX4lgxegNb63t7f6iTSzNFD87kYHBwItDWKwB7VMh864oqRd6rvZASaXopjXyTK5rlT2rqT4BmLQT3xAYFWWbju1yr9fZrXiS6mkWJbWFJ4FdVO6YLr4yUfqAgwf8NCzb/hkCX2ozeZtmy6Ac4TL9FzkW1+7IpBseHKmteaD4mLkAVpF/DBzdkE0VTq0naKlssR7c3c7YNKe2t1k1pHV6z2sRpPsBMpWlMEDbK+bichas1ZbArYis4yQJaeP7B67+W/1ICO3ydL1YiyAbwEbTktsq2CnwphBlGeSWcmww4UMgw0i7QSYAOUKPGmZM3E3YLZ5yJFl",
            "tags": null,
            "tags_all": {}
          },
          "sensitive_attributes": [],
          "private": "eyJzY2hlbWFfdmVyc2lvbiI6IjEifQ==",
          "dependencies": [
            "tls_private_key.example_keypair"
          ]
        }
      ]
    },
    {
      "mode": "managed",
      "type": "aws_security_group",
      "name": "example_security_group",
      "provider": "provider[\"registry.terraform.io/hashicorp/aws\"]",
      "instances": [
        {
          "schema_version": 1,
          "attributes": {
            "arn": "arn:aws:ec2:us-east-1:992382690989:security-group/sg-09346b278bf481f4e",
            "description": "Example Security Group",
            "egress": [
              {
                "cidr_blocks": [
                  "0.0.0.0/0"
                ],
                "description": "",
                "from_port": 0,
                "ipv6_cidr_blocks": [],
                "prefix_list_ids": [],
                "protocol": "-1",
                "security_groups": [],
                "self": false,
                "to_port": 0
              }
            ],
            "id": "sg-09346b278bf481f4e",
            "ingress": [
              {
                "cidr_blocks": [
                  "152.58.236.63/32"
                ],
                "description": "",
                "from_port": 22,
                "ipv6_cidr_blocks": [],
                "prefix_list_ids": [],
                "protocol": "tcp",
                "security_groups": [],
                "self": false,
                "to_port": 22
              },
              {
                "cidr_blocks": [
                  "152.58.236.63/32"
                ],
                "description": "",
                "from_port": 80,
                "ipv6_cidr_blocks": [],
                "prefix_list_ids": [],
                "protocol": "tcp",
                "security_groups": [],
                "self": false,
                "to_port": 80
              }
            ],
            "name": "satrun-security-group",
            "name_prefix": "",
            "owner_id": "992382690989",
            "revoke_rules_on_delete": false,
            "tags": null,
            "tags_all": {},
            "timeouts": null,
            "vpc_id": "vpc-0b120fc3ab3a6d844"
          },
          "sensitive_attributes": [],
          "private": "eyJlMmJmYjczMC1lY2FhLTExZTYtOGY4OC0zNDM2M2JjN2M0YzAiOnsiY3JlYXRlIjo2MDAwMDAwMDAwMDAsImRlbGV0ZSI6OTAwMDAwMDAwMDAwfSwic2NoZW1hX3ZlcnNpb24iOiIxIn0="
        }
      ]
    },
    {
      "mode": "managed",
      "type": "local_file",
      "name": "private_key_file",
      "provider": "provider[\"registry.terraform.io/hashicorp/local\"]",
      "instances": [
        {
          "schema_version": 0,
          "attributes": {
            "content": "-----BEGIN RSA PRIVATE KEY-----\nMIIEpAIBAAKCAQEA126xZTXrpU31bq1+JYMXoDW+t7e3+ok0szRQ/O5GBwcCLQ1i\nsAe1TIfOuKKkXeq72QEml6KY18kyua5U9q6k+AZi0E98QGBVlm47tcq/X2a14kup\npFiW1hSeBXVTumC6+MlH6gIMH/DQs2/4ZAl9qM3mbZsugHOEy/Rc5FtfuyKQbHhy\nprXmg+Ji5AFaRfwwc3ZBNFU6tJ2ipbLEe3N3O2DSntrdZNaR1es9rEaT7ATKVpTB\nA2yvm4nIWrNWWwK2IrOMkCWnj+weu/lv9SAjt8nS9WIsgG8BG05LbKtgp8KYQZRn\nklnJsMOFDIMNIu0EmADlCjxpmTNxN2C2eciRZQIDAQABAoIBAENrkvzXuR2Mnki6\n5wWaVyR+bWdVibBQjDuhHc9qSmQcn2O2ErKAVw7SWbGSxNnXgl5Ra+B8tFSj1Moj\ncteYpGwyo24J0hrbiy1+5hTolKeonzdo8nhKeToaTbHrm/5yE1GUvHrRlTXRyZ6+\nZf/4sGjJt1mJ/S2Z+W9S1Fdq+TS483aZmzdfokQlrRYPxHnwMHkpqf7jbaXs/3f+\nLQNjdT8lZHWJ1hsQ2TMgR00dkGqAvoFcOd5Ud0kvGXxPtRhPOxG3WsMjKnXnvDWP\nOo1Ah2JCDa6Gmr1gzQsiUG76rz74g/+RxMPTZsQCgMHHXUSctkXOqSpI8fm5qqPw\nGse4SQECgYEA7PjVyFozpf1x1hfUN11TmZb0RZ/RDojhDnxeseJSYhGJWij2yJGe\nbs9vt4r1hTLxWArVX/tKHcRw1/N3FbQPDMot9Dh3laVj5SzKbmOYmLP8ENPwhI5n\nwnSKBbbTt9aWkWXKq2xJuOSaoPTJ/fcnVccFRZ+zB727YPzg/zfDbOECgYEA6LsX\npWs0BWobW/9Q082qLowZS+43k/oTiLDb/Gk+VPZiUnRdTudaVVoXcLGxvynlbSCN\nPLP6qG++dpbM/3jwrHRTaaE5Hw757o2RaRxc0pmkK4Tep9Ihed2RxtR7yowGuCXV\nHTYpfvfuBIRDKzrs3UqxZPCjimodURakYM/MkQUCgYAhxpHJ/blQ1l/sUPcpcP7i\nbFaiudW1SaMySl3A4u41FiTKmf4atk6roptcwMyf0JP/pYOmK43z0jT3Qrdde42N\nmB+WqJm61Zj4aDruIvn0AetShrLIYfe+CphFmjpxAH/zd1u8tTGIzeSQPnOv5BNS\nMYy50LpWxx83ArQbDFqpYQKBgQDcnUYsE/SLUWtACUXokaRKXZo5RUdAKiZMREM1\nAdsJlUndGdu9yUfzcuSXeoqhSSjoCpx4N7Bb7Rmitw76+f1DrT3I+wD39S1tOpvm\nBPHk3aonatvaQDJloGjpD1GNzrEr7QkZmNc7OfFSLMKzfzc8CusgYZDVzAOgc5M9\nBp7HtQKBgQDIiHZbbe8et1ffIKwia/fwJEJ7HYiPVXIYRklNgQiUMY2N/4mUiHme\nStWL2/wc6NZSCcjkDTsxHF0oGOlgXNbSMIxbuo1NMDU3HQR0JE9zWr0csgtHpEEX\nqXpi+mL9JbjElzcoxhrPdZSEBQ2wjXkQp2I1DtzJ7rT49tBlESrYCw==\n-----END RSA PRIVATE KEY-----\n",
            "content_base64": null,
            "content_base64sha256": "/lyMV36JsiOpGNlmCPzxvoWrClki2J08ZJEEHiW5ANw=",
            "content_base64sha512": "0i8ex689qckP3IHtTwqy0+Rq4AfrENjm9gHM8WgvY/QIbArsA5ZywcEzIcwn0jUgAT3fXm457EuhYyDry7WXgA==",
            "content_md5": "ad33d51b9c21eb984c8231491e6fbcb6",
            "content_sha1": "3500aa8e683930109eaf3b143574045f57b0c477",
            "content_sha256": "fe5c8c577e89b223a918d96608fcf1be85ab0a5922d89d3c6491041e25b900dc",
            "content_sha512": "d22f1ec7af3da9c90fdc81ed4f0ab2d3e46ae007eb10d8e6f601ccf1682f63f4086c0aec039672c1c13321cc27d23520013ddf5e6e39ec4ba16320ebcbb59780",
            "directory_permission": "0777",
            "file_permission": "0777",
            "filename": "satrun.pem",
            "id": "3500aa8e683930109eaf3b143574045f57b0c477",
            "sensitive_content": null,
            "source": null
          },
          "sensitive_attributes": [
            [
              {
                "type": "get_attr",
                "value": "content"
              }
            ]
          ],
          "dependencies": [
            "tls_private_key.example_keypair"
          ]
        }
      ]
    },
    {
      "mode": "managed",
      "type": "tls_private_key",
      "name": "example_keypair",
      "provider": "provider[\"registry.terraform.io/hashicorp/tls\"]",
      "instances": [
        {
          "schema_version": 1,
          "attributes": {
            "algorithm": "RSA",
            "ecdsa_curve": "P224",
            "id": "5074fc390da9ccb5e4aceda8e4a9e28e5281c225",
            "private_key_openssh": "-----BEGIN OPENSSH PRIVATE KEY-----\nb3BlbnNzaC1rZXktdjEAAAAABG5vbmUAAAAEbm9uZQAAAAAAAAABAAABFwAAAAdz\nc2gtcnNhAAAAAwEAAQAAAQEA126xZTXrpU31bq1+JYMXoDW+t7e3+ok0szRQ/O5G\nBwcCLQ1isAe1TIfOuKKkXeq72QEml6KY18kyua5U9q6k+AZi0E98QGBVlm47tcq/\nX2a14kuppFiW1hSeBXVTumC6+MlH6gIMH/DQs2/4ZAl9qM3mbZsugHOEy/Rc5Ftf\nuyKQbHhyprXmg+Ji5AFaRfwwc3ZBNFU6tJ2ipbLEe3N3O2DSntrdZNaR1es9rEaT\n7ATKVpTBA2yvm4nIWrNWWwK2IrOMkCWnj+weu/lv9SAjt8nS9WIsgG8BG05LbKtg\np8KYQZRnklnJsMOFDIMNIu0EmADlCjxpmTNxN2C2eciRZQAAA7j/+y6k//supAAA\nAAdzc2gtcnNhAAABAQDXbrFlNeulTfVurX4lgxegNb63t7f6iTSzNFD87kYHBwIt\nDWKwB7VMh864oqRd6rvZASaXopjXyTK5rlT2rqT4BmLQT3xAYFWWbju1yr9fZrXi\nS6mkWJbWFJ4FdVO6YLr4yUfqAgwf8NCzb/hkCX2ozeZtmy6Ac4TL9FzkW1+7IpBs\neHKmteaD4mLkAVpF/DBzdkE0VTq0naKlssR7c3c7YNKe2t1k1pHV6z2sRpPsBMpW\nlMEDbK+bichas1ZbArYis4yQJaeP7B67+W/1ICO3ydL1YiyAbwEbTktsq2CnwphB\nlGeSWcmww4UMgw0i7QSYAOUKPGmZM3E3YLZ5yJFlAAAAAwEAAQAAAQBDa5L817kd\njJ5IuucFmlckfm1nVYmwUIw7oR3PakpkHJ9jthKygFcO0lmxksTZ14JeUWvgfLRU\no9TKI3LXmKRsMqNuCdIa24stfuYU6JSnqJ83aPJ4Snk6Gk2x65v+chNRlLx60ZU1\n0cmevmX/+LBoybdZif0tmflvUtRXavk0uPN2mZs3X6JEJa0WD8R58DB5Kan+422l\n7P93/i0DY3U/JWR1idYbENkzIEdNHZBqgL6BXDneVHdJLxl8T7UYTzsRt1rDIyp1\n57w1jzqNQIdiQg2uhpq9YM0LIlBu+q8++IP/kcTD02bEAoDBx11EnLZFzqkqSPH5\nuaqj8BrHuEkBAAAAgQDIiHZbbe8et1ffIKwia/fwJEJ7HYiPVXIYRklNgQiUMY2N\n/4mUiHmeStWL2/wc6NZSCcjkDTsxHF0oGOlgXNbSMIxbuo1NMDU3HQR0JE9zWr0c\nsgtHpEEXqXpi+mL9JbjElzcoxhrPdZSEBQ2wjXkQp2I1DtzJ7rT49tBlESrYCwAA\nAIEA7PjVyFozpf1x1hfUN11TmZb0RZ/RDojhDnxeseJSYhGJWij2yJGebs9vt4r1\nhTLxWArVX/tKHcRw1/N3FbQPDMot9Dh3laVj5SzKbmOYmLP8ENPwhI5nwnSKBbbT\nt9aWkWXKq2xJuOSaoPTJ/fcnVccFRZ+zB727YPzg/zfDbOEAAACBAOi7F6VrNAVq\nG1v/UNPNqi6MGUvuN5P6E4iw2/xpPlT2YlJ0XU7nWlVaF3Cxsb8p5W0gjTyz+qhv\nvnaWzP948Kx0U2mhOR8O+e6NkWkcXNKZpCuE3qfSIXndkcbUe8qMBrgl1R02KX73\n7gSEQys67N1KsWTwo4pqHVEWpGDPzJEFAAAAAAEC\n-----END OPENSSH PRIVATE KEY-----\n",
            "private_key_pem": "-----BEGIN RSA PRIVATE KEY-----\nMIIEpAIBAAKCAQEA126xZTXrpU31bq1+JYMXoDW+t7e3+ok0szRQ/O5GBwcCLQ1i\nsAe1TIfOuKKkXeq72QEml6KY18kyua5U9q6k+AZi0E98QGBVlm47tcq/X2a14kup\npFiW1hSeBXVTumC6+MlH6gIMH/DQs2/4ZAl9qM3mbZsugHOEy/Rc5FtfuyKQbHhy\nprXmg+Ji5AFaRfwwc3ZBNFU6tJ2ipbLEe3N3O2DSntrdZNaR1es9rEaT7ATKVpTB\nA2yvm4nIWrNWWwK2IrOMkCWnj+weu/lv9SAjt8nS9WIsgG8BG05LbKtgp8KYQZRn\nklnJsMOFDIMNIu0EmADlCjxpmTNxN2C2eciRZQIDAQABAoIBAENrkvzXuR2Mnki6\n5wWaVyR+bWdVibBQjDuhHc9qSmQcn2O2ErKAVw7SWbGSxNnXgl5Ra+B8tFSj1Moj\ncteYpGwyo24J0hrbiy1+5hTolKeonzdo8nhKeToaTbHrm/5yE1GUvHrRlTXRyZ6+\nZf/4sGjJt1mJ/S2Z+W9S1Fdq+TS483aZmzdfokQlrRYPxHnwMHkpqf7jbaXs/3f+\nLQNjdT8lZHWJ1hsQ2TMgR00dkGqAvoFcOd5Ud0kvGXxPtRhPOxG3WsMjKnXnvDWP\nOo1Ah2JCDa6Gmr1gzQsiUG76rz74g/+RxMPTZsQCgMHHXUSctkXOqSpI8fm5qqPw\nGse4SQECgYEA7PjVyFozpf1x1hfUN11TmZb0RZ/RDojhDnxeseJSYhGJWij2yJGe\nbs9vt4r1hTLxWArVX/tKHcRw1/N3FbQPDMot9Dh3laVj5SzKbmOYmLP8ENPwhI5n\nwnSKBbbTt9aWkWXKq2xJuOSaoPTJ/fcnVccFRZ+zB727YPzg/zfDbOECgYEA6LsX\npWs0BWobW/9Q082qLowZS+43k/oTiLDb/Gk+VPZiUnRdTudaVVoXcLGxvynlbSCN\nPLP6qG++dpbM/3jwrHRTaaE5Hw757o2RaRxc0pmkK4Tep9Ihed2RxtR7yowGuCXV\nHTYpfvfuBIRDKzrs3UqxZPCjimodURakYM/MkQUCgYAhxpHJ/blQ1l/sUPcpcP7i\nbFaiudW1SaMySl3A4u41FiTKmf4atk6roptcwMyf0JP/pYOmK43z0jT3Qrdde42N\nmB+WqJm61Zj4aDruIvn0AetShrLIYfe+CphFmjpxAH/zd1u8tTGIzeSQPnOv5BNS\nMYy50LpWxx83ArQbDFqpYQKBgQDcnUYsE/SLUWtACUXokaRKXZo5RUdAKiZMREM1\nAdsJlUndGdu9yUfzcuSXeoqhSSjoCpx4N7Bb7Rmitw76+f1DrT3I+wD39S1tOpvm\nBPHk3aonatvaQDJloGjpD1GNzrEr7QkZmNc7OfFSLMKzfzc8CusgYZDVzAOgc5M9\nBp7HtQKBgQDIiHZbbe8et1ffIKwia/fwJEJ7HYiPVXIYRklNgQiUMY2N/4mUiHme\nStWL2/wc6NZSCcjkDTsxHF0oGOlgXNbSMIxbuo1NMDU3HQR0JE9zWr0csgtHpEEX\nqXpi+mL9JbjElzcoxhrPdZSEBQ2wjXkQp2I1DtzJ7rT49tBlESrYCw==\n-----END RSA PRIVATE KEY-----\n",
            "private_key_pem_pkcs8": "-----BEGIN PRIVATE KEY-----\nMIIEvgIBADANBgkqhkiG9w0BAQEFAASCBKgwggSkAgEAAoIBAQDXbrFlNeulTfVu\nrX4lgxegNb63t7f6iTSzNFD87kYHBwItDWKwB7VMh864oqRd6rvZASaXopjXyTK5\nrlT2rqT4BmLQT3xAYFWWbju1yr9fZrXiS6mkWJbWFJ4FdVO6YLr4yUfqAgwf8NCz\nb/hkCX2ozeZtmy6Ac4TL9FzkW1+7IpBseHKmteaD4mLkAVpF/DBzdkE0VTq0naKl\nssR7c3c7YNKe2t1k1pHV6z2sRpPsBMpWlMEDbK+bichas1ZbArYis4yQJaeP7B67\n+W/1ICO3ydL1YiyAbwEbTktsq2CnwphBlGeSWcmww4UMgw0i7QSYAOUKPGmZM3E3\nYLZ5yJFlAgMBAAECggEAQ2uS/Ne5HYyeSLrnBZpXJH5tZ1WJsFCMO6Edz2pKZByf\nY7YSsoBXDtJZsZLE2deCXlFr4Hy0VKPUyiNy15ikbDKjbgnSGtuLLX7mFOiUp6if\nN2jyeEp5OhpNseub/nITUZS8etGVNdHJnr5l//iwaMm3WYn9LZn5b1LUV2r5NLjz\ndpmbN1+iRCWtFg/EefAweSmp/uNtpez/d/4tA2N1PyVkdYnWGxDZMyBHTR2QaoC+\ngVw53lR3SS8ZfE+1GE87EbdawyMqdee8NY86jUCHYkINroaavWDNCyJQbvqvPviD\n/5HEw9NmxAKAwcddRJy2Rc6pKkjx+bmqo/Aax7hJAQKBgQDs+NXIWjOl/XHWF9Q3\nXVOZlvRFn9EOiOEOfF6x4lJiEYlaKPbIkZ5uz2+3ivWFMvFYCtVf+0odxHDX83cV\ntA8Myi30OHeVpWPlLMpuY5iYs/wQ0/CEjmfCdIoFttO31paRZcqrbEm45Jqg9Mn9\n9ydVxwVFn7MHvbtg/OD/N8Ns4QKBgQDouxelazQFahtb/1DTzaoujBlL7jeT+hOI\nsNv8aT5U9mJSdF1O51pVWhdwsbG/KeVtII08s/qob752lsz/ePCsdFNpoTkfDvnu\njZFpHFzSmaQrhN6n0iF53ZHG1HvKjAa4JdUdNil+9+4EhEMrOuzdSrFk8KOKah1R\nFqRgz8yRBQKBgCHGkcn9uVDWX+xQ9ylw/uJsVqK51bVJozJKXcDi7jUWJMqZ/hq2\nTquim1zAzJ/Qk/+lg6YrjfPSNPdCt117jY2YH5aombrVmPhoOu4i+fQB61KGsshh\n974KmEWaOnEAf/N3W7y1MYjN5JA+c6/kE1IxjLnQulbHHzcCtBsMWqlhAoGBANyd\nRiwT9ItRa0AJReiRpEpdmjlFR0AqJkxEQzUB2wmVSd0Z273JR/Ny5Jd6iqFJKOgK\nnHg3sFvtGaK3Dvr5/UOtPcj7APf1LW06m+YE8eTdqidq29pAMmWgaOkPUY3OsSvt\nCRmY1zs58VIswrN/NzwK6yBhkNXMA6Bzkz0Gnse1AoGBAMiIdltt7x63V98grCJr\n9/AkQnsdiI9VchhGSU2BCJQxjY3/iZSIeZ5K1Yvb/Bzo1lIJyOQNOzEcXSgY6WBc\n1tIwjFu6jU0wNTcdBHQkT3NavRyyC0ekQRepemL6Yv0luMSXNyjGGs91lIQFDbCN\neRCnYjUO3MnutPj20GURKtgL\n-----END PRIVATE KEY-----\n",
            "public_key_fingerprint_md5": "80:15:f9:18:2a:79:e4:23:b1:94:2a:85:98:b5:25:11",
            "public_key_fingerprint_sha256": "SHA256:KOSt69jnoJmpai3dVB1f0ix3MCvEKR+AQOxJuojFKxA",
            "public_key_openssh": "ssh-rsa AAAAB3NzaC1yc2EAAAADAQABAAABAQDXbrFlNeulTfVurX4lgxegNb63t7f6iTSzNFD87kYHBwItDWKwB7VMh864oqRd6rvZASaXopjXyTK5rlT2rqT4BmLQT3xAYFWWbju1yr9fZrXiS6mkWJbWFJ4FdVO6YLr4yUfqAgwf8NCzb/hkCX2ozeZtmy6Ac4TL9FzkW1+7IpBseHKmteaD4mLkAVpF/DBzdkE0VTq0naKlssR7c3c7YNKe2t1k1pHV6z2sRpPsBMpWlMEDbK+bichas1ZbArYis4yQJaeP7B67+W/1ICO3ydL1YiyAbwEbTktsq2CnwphBlGeSWcmww4UMgw0i7QSYAOUKPGmZM3E3YLZ5yJFl\n",
            "public_key_pem": "-----BEGIN PUBLIC KEY-----\nMIIBIjANBgkqhkiG9w0BAQEFAAOCAQ8AMIIBCgKCAQEA126xZTXrpU31bq1+JYMX\noDW+t7e3+ok0szRQ/O5GBwcCLQ1isAe1TIfOuKKkXeq72QEml6KY18kyua5U9q6k\n+AZi0E98QGBVlm47tcq/X2a14kuppFiW1hSeBXVTumC6+MlH6gIMH/DQs2/4ZAl9\nqM3mbZsugHOEy/Rc5FtfuyKQbHhyprXmg+Ji5AFaRfwwc3ZBNFU6tJ2ipbLEe3N3\nO2DSntrdZNaR1es9rEaT7ATKVpTBA2yvm4nIWrNWWwK2IrOMkCWnj+weu/lv9SAj\nt8nS9WIsgG8BG05LbKtgp8KYQZRnklnJsMOFDIMNIu0EmADlCjxpmTNxN2C2eciR\nZQIDAQAB\n-----END PUBLIC KEY-----\n",
            "rsa_bits": 2048
          },
          "sensitive_attributes": []
        }
      ]
    }
  ],
  "check_results": null
}
